
Microsoft Visual Studio Solution File, Format Version 12.00
# Visual Studio Version 17
VisualStudioVersion = 17.0.31903.59
MinimumVisualStudioVersion = 10.0.40219.1
Project("{2150E333-8FDC-42A3-9474-1A3956D46DE8}") = "src", "src", "{63284BC1-0B65-4978-96E0-8FC776A25137}"
EndProject
Project("{FAE04EC0-301F-11D3-BF4B-00C04F79EFBC}") = "Okkema.Cache", "src\Okkema.Cache\Okkema.Cache.csproj", "{7032D94B-6467-4EB7-A44D-5B0970B3A0AE}"
EndProject
Project("{FAE04EC0-301F-11D3-BF4B-00C04F79EFBC}") = "Okkema.Messages", "src\Okkema.Messages\Okkema.Messages.csproj", "{9B1317F2-E6D2-4AD0-930A-C6F8E31BFE50}"
EndProject
Project("{FAE04EC0-301F-11D3-BF4B-00C04F79EFBC}") = "Okkema.Queue", "src\Okkema.Queue\Okkema.Queue.csproj", "{6F026E63-5067-4212-A246-14CC936F2747}"
EndProject
Project("{FAE04EC0-301F-11D3-BF4B-00C04F79EFBC}") = "Okkema.SQL", "src\Okkema.SQL\Okkema.SQL.csproj", "{8A76B4D7-4ACE-4A63-84B8-3FF3E0BD42EC}"
EndProject
Project("{2150E333-8FDC-42A3-9474-1A3956D46DE8}") = "test", "test", "{4F3AF5ED-CBA8-4D32-B754-60B246F885FD}"
EndProject
Project("{FAE04EC0-301F-11D3-BF4B-00C04F79EFBC}") = "Okkema.Cache.Test", "test\Okkema.Cache.Test\Okkema.Cache.Test.csproj", "{D1FE27D3-D7AC-4FC0-AFEC-18E52ACB5EA1}"
EndProject
Project("{FAE04EC0-301F-11D3-BF4B-00C04F79EFBC}") = "Okkema.Queue.Test", "test\Okkema.Queue.Test\Okkema.Queue.Test.csproj", "{B68169EE-B6C2-4F30-9CBA-95958480630C}"
EndProject
Project("{FAE04EC0-301F-11D3-BF4B-00C04F79EFBC}") = "Okkema.SQL.Test", "test\Okkema.SQL.Test\Okkema.SQL.Test.csproj", "{147200B7-C2D3-4745-9223-38D8ABB2C4C8}"
EndProject
Project("{FAE04EC0-301F-11D3-BF4B-00C04F79EFBC}") = "Okkema.Test", "test\Okkema.Test\Okkema.Test.csproj", "{3A584C1A-D18A-44DB-B6EC-FDB66CDB7D04}"
EndProject
Global
	GlobalSection(SolutionConfigurationPlatforms) = preSolution
		Debug|Any CPU = Debug|Any CPU
		Release|Any CPU = Release|Any CPU
	EndGlobalSection
	GlobalSection(SolutionProperties) = preSolution
		HideSolutionNode = FALSE
	EndGlobalSection
	GlobalSection(ProjectConfigurationPlatforms) = postSolution
		{7032D94B-6467-4EB7-A44D-5B0970B3A0AE}.Debug|Any CPU.ActiveCfg = Debug|Any CPU
		{7032D94B-6467-4EB7-A44D-5B0970B3A0AE}.Debug|Any CPU.Build.0 = Debug|Any CPU
		{7032D94B-6467-4EB7-A44D-5B0970B3A0AE}.Release|Any CPU.ActiveCfg = Release|Any CPU
		{7032D94B-6467-4EB7-A44D-5B0970B3A0AE}.Release|Any CPU.Build.0 = Release|Any CPU
		{9B1317F2-E6D2-4AD0-930A-C6F8E31BFE50}.Debug|Any CPU.ActiveCfg = Debug|Any CPU
		{9B1317F2-E6D2-4AD0-930A-C6F8E31BFE50}.Debug|Any CPU.Build.0 = Debug|Any CPU
		{9B1317F2-E6D2-4AD0-930A-C6F8E31BFE50}.Release|Any CPU.ActiveCfg = Release|Any CPU
		{9B1317F2-E6D2-4AD0-930A-C6F8E31BFE50}.Release|Any CPU.Build.0 = Release|Any CPU
		{6F026E63-5067-4212-A246-14CC936F2747}.Debug|Any CPU.ActiveCfg = Debug|Any CPU
		{6F026E63-5067-4212-A246-14CC936F2747}.Debug|Any CPU.Build.0 = Debug|Any CPU
		{6F026E63-5067-4212-A246-14CC936F2747}.Release|Any CPU.ActiveCfg = Release|Any CPU
		{6F026E63-5067-4212-A246-14CC936F2747}.Release|Any CPU.Build.0 = Release|Any CPU
		{8A76B4D7-4ACE-4A63-84B8-3FF3E0BD42EC}.Debug|Any CPU.ActiveCfg = Debug|Any CPU
		{8A76B4D7-4ACE-4A63-84B8-3FF3E0BD42EC}.Debug|Any CPU.Build.0 = Debug|Any CPU
		{8A76B4D7-4ACE-4A63-84B8-3FF3E0BD42EC}.Release|Any CPU.ActiveCfg = Release|Any CPU
		{8A76B4D7-4ACE-4A63-84B8-3FF3E0BD42EC}.Release|Any CPU.Build.0 = Release|Any CPU
		{D1FE27D3-D7AC-4FC0-AFEC-18E52ACB5EA1}.Debug|Any CPU.ActiveCfg = Debug|Any CPU
		{D1FE27D3-D7AC-4FC0-AFEC-18E52ACB5EA1}.Debug|Any CPU.Build.0 = Debug|Any CPU
		{D1FE27D3-D7AC-4FC0-AFEC-18E52ACB5EA1}.Release|Any CPU.ActiveCfg = Release|Any CPU
		{D1FE27D3-D7AC-4FC0-AFEC-18E52ACB5EA1}.Release|Any CPU.Build.0 = Release|Any CPU
		{B68169EE-B6C2-4F30-9CBA-95958480630C}.Debug|Any CPU.ActiveCfg = Debug|Any CPU
		{B68169EE-B6C2-4F30-9CBA-95958480630C}.Debug|Any CPU.Build.0 = Debug|Any CPU
		{B68169EE-B6C2-4F30-9CBA-95958480630C}.Release|Any CPU.ActiveCfg = Release|Any CPU
		{B68169EE-B6C2-4F30-9CBA-95958480630C}.Release|Any CPU.Build.0 = Release|Any CPU
		{147200B7-C2D3-4745-9223-38D8ABB2C4C8}.Debug|Any CPU.ActiveCfg = Debug|Any CPU
		{147200B7-C2D3-4745-9223-38D8ABB2C4C8}.Debug|Any CPU.Build.0 = Debug|Any CPU
		{147200B7-C2D3-4745-9223-38D8ABB2C4C8}.Release|Any CPU.ActiveCfg = Release|Any CPU
		{147200B7-C2D3-4745-9223-38D8ABB2C4C8}.Release|Any CPU.Build.0 = Release|Any CPU
		{3A584C1A-D18A-44DB-B6EC-FDB66CDB7D04}.Debug|Any CPU.ActiveCfg = Debug|Any CPU
		{3A584C1A-D18A-44DB-B6EC-FDB66CDB7D04}.Debug|Any CPU.Build.0 = Debug|Any CPU
		{3A584C1A-D18A-44DB-B6EC-FDB66CDB7D04}.Release|Any CPU.ActiveCfg = Release|Any CPU
		{3A584C1A-D18A-44DB-B6EC-FDB66CDB7D04}.Release|Any CPU.Build.0 = Release|Any CPU
	EndGlobalSection
	GlobalSection(NestedProjects) = preSolution
		{7032D94B-6467-4EB7-A44D-5B0970B3A0AE} = {63284BC1-0B65-4978-96E0-8FC776A25137}
		{9B1317F2-E6D2-4AD0-930A-C6F8E31BFE50} = {63284BC1-0B65-4978-96E0-8FC776A25137}
		{6F026E63-5067-4212-A246-14CC936F2747} = {63284BC1-0B65-4978-96E0-8FC776A25137}
		{8A76B4D7-4ACE-4A63-84B8-3FF3E0BD42EC} = {63284BC1-0B65-4978-96E0-8FC776A25137}
		{D1FE27D3-D7AC-4FC0-AFEC-18E52ACB5EA1} = {4F3AF5ED-CBA8-4D32-B754-60B246F885FD}
		{B68169EE-B6C2-4F30-9CBA-95958480630C} = {4F3AF5ED-CBA8-4D32-B754-60B246F885FD}
		{147200B7-C2D3-4745-9223-38D8ABB2C4C8} = {4F3AF5ED-CBA8-4D32-B754-60B246F885FD}
		{3A584C1A-D18A-44DB-B6EC-FDB66CDB7D04} = {4F3AF5ED-CBA8-4D32-B754-60B246F885FD}
	EndGlobalSection
EndGlobal
